// !$*UTF8*$!
{
	archiveVersion = 1;
	classes = {
	};
	objectVersion = 56;
	objects = {

/* Begin PBXBuildFile section */
		7B37CCB52992589500B201EC /* GoogleService-Info.plist in Resources */ = {isa = PBXBuildFile; fileRef = 7B37CCB42992589500B201EC /* GoogleService-Info.plist */; };
		7B37CCB8299259D300B201EC /* FirebaseAnalytics in Frameworks */ = {isa = PBXBuildFile; productRef = 7B37CCB7299259D300B201EC /* FirebaseAnalytics */; };
		7B37CCBA299259D300B201EC /* FirebaseAnalyticsOnDeviceConversion in Frameworks */ = {isa = PBXBuildFile; productRef = 7B37CCB9299259D300B201EC /* FirebaseAnalyticsOnDeviceConversion */; };
		7B37CCBC299259D300B201EC /* FirebaseAnalyticsSwift in Frameworks */ = {isa = PBXBuildFile; productRef = 7B37CCBB299259D300B201EC /* FirebaseAnalyticsSwift */; };
		7B37CCBE299259D300B201EC /* FirebaseAnalyticsWithoutAdIdSupport in Frameworks */ = {isa = PBXBuildFile; productRef = 7B37CCBD299259D300B201EC /* FirebaseAnalyticsWithoutAdIdSupport */; };
		7B37CCC0299259D300B201EC /* FirebaseAppCheck in Frameworks */ = {isa = PBXBuildFile; productRef = 7B37CCBF299259D300B201EC /* FirebaseAppCheck */; };
		7B37CCC2299259D300B201EC /* FirebaseAppDistribution-Beta in Frameworks */ = {isa = PBXBuildFile; productRef = 7B37CCC1299259D300B201EC /* FirebaseAppDistribution-Beta */; };
		7B37CCC4299259D300B201EC /* FirebaseAuth in Frameworks */ = {isa = PBXBuildFile; productRef = 7B37CCC3299259D300B201EC /* FirebaseAuth */; };
		7B37CCC6299259D300B201EC /* FirebaseAuthCombine-Community in Frameworks */ = {isa = PBXBuildFile; productRef = 7B37CCC5299259D300B201EC /* FirebaseAuthCombine-Community */; };
		7B37CCC8299259D300B201EC /* FirebaseCrashlytics in Frameworks */ = {isa = PBXBuildFile; productRef = 7B37CCC7299259D300B201EC /* FirebaseCrashlytics */; };
		7B37CCCA299259D300B201EC /* FirebaseDatabase in Frameworks */ = {isa = PBXBuildFile; productRef = 7B37CCC9299259D300B201EC /* FirebaseDatabase */; };
		7B37CCCC299259D300B201EC /* FirebaseDatabaseSwift in Frameworks */ = {isa = PBXBuildFile; productRef = 7B37CCCB299259D300B201EC /* FirebaseDatabaseSwift */; };
		7B37CCCE299259D300B201EC /* FirebaseDynamicLinks in Frameworks */ = {isa = PBXBuildFile; productRef = 7B37CCCD299259D300B201EC /* FirebaseDynamicLinks */; };
		7B37CCD0299259D300B201EC /* FirebaseFirestore in Frameworks */ = {isa = PBXBuildFile; productRef = 7B37CCCF299259D300B201EC /* FirebaseFirestore */; };
		7B37CCD2299259D300B201EC /* FirebaseFirestoreCombine-Community in Frameworks */ = {isa = PBXBuildFile; productRef = 7B37CCD1299259D300B201EC /* FirebaseFirestoreCombine-Community */; };
		7B37CCD4299259D300B201EC /* FirebaseFirestoreSwift in Frameworks */ = {isa = PBXBuildFile; productRef = 7B37CCD3299259D300B201EC /* FirebaseFirestoreSwift */; };
		7B37CCD6299259D300B201EC /* FirebaseFunctions in Frameworks */ = {isa = PBXBuildFile; productRef = 7B37CCD5299259D300B201EC /* FirebaseFunctions */; };
		7B37CCD8299259D300B201EC /* FirebaseFunctionsCombine-Community in Frameworks */ = {isa = PBXBuildFile; productRef = 7B37CCD7299259D300B201EC /* FirebaseFunctionsCombine-Community */; };
		7B37CCDA299259D300B201EC /* FirebaseInAppMessaging-Beta in Frameworks */ = {isa = PBXBuildFile; productRef = 7B37CCD9299259D300B201EC /* FirebaseInAppMessaging-Beta */; };
		7B37CCDC299259D300B201EC /* FirebaseInAppMessagingSwift-Beta in Frameworks */ = {isa = PBXBuildFile; productRef = 7B37CCDB299259D300B201EC /* FirebaseInAppMessagingSwift-Beta */; };
		7B37CCDE299259D300B201EC /* FirebaseInstallations in Frameworks */ = {isa = PBXBuildFile; productRef = 7B37CCDD299259D300B201EC /* FirebaseInstallations */; };
		7B37CCE0299259D300B201EC /* FirebaseMLModelDownloader in Frameworks */ = {isa = PBXBuildFile; productRef = 7B37CCDF299259D300B201EC /* FirebaseMLModelDownloader */; };
		7B37CCE2299259D300B201EC /* FirebaseMessaging in Frameworks */ = {isa = PBXBuildFile; productRef = 7B37CCE1299259D300B201EC /* FirebaseMessaging */; };
		7B37CCE4299259D300B201EC /* FirebasePerformance in Frameworks */ = {isa = PBXBuildFile; productRef = 7B37CCE3299259D300B201EC /* FirebasePerformance */; };
		7B37CCE6299259D300B201EC /* FirebaseRemoteConfig in Frameworks */ = {isa = PBXBuildFile; productRef = 7B37CCE5299259D300B201EC /* FirebaseRemoteConfig */; };
		7B37CCE8299259D300B201EC /* FirebaseRemoteConfigSwift in Frameworks */ = {isa = PBXBuildFile; productRef = 7B37CCE7299259D300B201EC /* FirebaseRemoteConfigSwift */; };
		7B37CCEA299259D300B201EC /* FirebaseStorage in Frameworks */ = {isa = PBXBuildFile; productRef = 7B37CCE9299259D300B201EC /* FirebaseStorage */; };
		7B37CCEC299259D300B201EC /* FirebaseStorageCombine-Community in Frameworks */ = {isa = PBXBuildFile; productRef = 7B37CCEB299259D300B201EC /* FirebaseStorageCombine-Community */; };
		7B37CCEE2992622F00B201EC /* GPSPersistence.swift in Sources */ = {isa = PBXBuildFile; fileRef = 7B37CCED2992622F00B201EC /* GPSPersistence.swift */; };
		7B8D87E429A5F29400FA3C43 /* SaveLocationView.swift in Sources */ = {isa = PBXBuildFile; fileRef = 7B8D87E329A5F29400FA3C43 /* SaveLocationView.swift */; };
		7B8D87E629A5F68400FA3C43 /* LocationPointsPlotView.swift in Sources */ = {isa = PBXBuildFile; fileRef = 7B8D87E529A5F68400FA3C43 /* LocationPointsPlotView.swift */; };
		7BA33E2F299237820089FAF3 /* PinetumMappingApp.swift in Sources */ = {isa = PBXBuildFile; fileRef = 7BA33E2E299237820089FAF3 /* PinetumMappingApp.swift */; };
		7BA33E31299237820089FAF3 /* MappingView.swift in Sources */ = {isa = PBXBuildFile; fileRef = 7BA33E30299237820089FAF3 /* MappingView.swift */; };
		7BA33E33299237840089FAF3 /* Assets.xcassets in Resources */ = {isa = PBXBuildFile; fileRef = 7BA33E32299237840089FAF3 /* Assets.xcassets */; };
		7BA33E36299237840089FAF3 /* Preview Assets.xcassets in Resources */ = {isa = PBXBuildFile; fileRef = 7BA33E35299237840089FAF3 /* Preview Assets.xcassets */; };
		7BA33E38299237840089FAF3 /* Persistence.swift in Sources */ = {isa = PBXBuildFile; fileRef = 7BA33E37299237840089FAF3 /* Persistence.swift */; };
		7BA33E3B299237840089FAF3 /* PinetumMapping.xcdatamodeld in Sources */ = {isa = PBXBuildFile; fileRef = 7BA33E39299237840089FAF3 /* PinetumMapping.xcdatamodeld */; };
		7BA33E43299238F00089FAF3 /* LocationManager.swift in Sources */ = {isa = PBXBuildFile; fileRef = 7BA33E42299238F00089FAF3 /* LocationManager.swift */; };
		7BA33E452992396D0089FAF3 /* LocationsView.swift in Sources */ = {isa = PBXBuildFile; fileRef = 7BA33E442992396D0089FAF3 /* LocationsView.swift */; };
		7BA33E47299239960089FAF3 /* LocationVisitsView.swift in Sources */ = {isa = PBXBuildFile; fileRef = 7BA33E46299239960089FAF3 /* LocationVisitsView.swift */; };
		7BCAAC80299B70D700CB4B53 /* LocationRecords.swift in Sources */ = {isa = PBXBuildFile; fileRef = 7BCAAC7F299B70D700CB4B53 /* LocationRecords.swift */; };
		7BCAAC82299B73CE00CB4B53 /* Util.swift in Sources */ = {isa = PBXBuildFile; fileRef = 7BCAAC81299B73CE00CB4B53 /* Util.swift */; };
		7BEF6F1629A75E8900DCBC4E /* CameraService.swift in Sources */ = {isa = PBXBuildFile; fileRef = 7BEF6F1029A75E8800DCBC4E /* CameraService.swift */; };
		7BEF6F1729A75E8900DCBC4E /* CameraPreview.swift in Sources */ = {isa = PBXBuildFile; fileRef = 7BEF6F1129A75E8800DCBC4E /* CameraPreview.swift */; };
		7BEF6F1829A75E8900DCBC4E /* ImageResizer.swift in Sources */ = {isa = PBXBuildFile; fileRef = 7BEF6F1229A75E8800DCBC4E /* ImageResizer.swift */; };
		7BEF6F1929A75E8900DCBC4E /* ContentView.swift in Sources */ = {isa = PBXBuildFile; fileRef = 7BEF6F1329A75E8900DCBC4E /* ContentView.swift */; };
		7BEF6F1A29A75E8900DCBC4E /* CameraService+Extensions.swift in Sources */ = {isa = PBXBuildFile; fileRef = 7BEF6F1429A75E8900DCBC4E /* CameraService+Extensions.swift */; };
		7BEF6F1B29A75E8900DCBC4E /* CameraService+Enums.swift in Sources */ = {isa = PBXBuildFile; fileRef = 7BEF6F1529A75E8900DCBC4E /* CameraService+Enums.swift */; };
		7BEF6F1D29A75E9B00DCBC4E /* PhotoCaptureProcessor.swift in Sources */ = {isa = PBXBuildFile; fileRef = 7BEF6F1C29A75E9B00DCBC4E /* PhotoCaptureProcessor.swift */; };
/* End PBXBuildFile section */

/* Begin PBXFileReference section */
		7B37CCB329924BB800B201EC /* PinetumMapping.entitlements */ = {isa = PBXFileReference; lastKnownFileType = text.plist.entitlements; path = PinetumMapping.entitlements; sourceTree = "<group>"; };
		7B37CCB42992589500B201EC /* GoogleService-Info.plist */ = {isa = PBXFileReference; fileEncoding = 4; lastKnownFileType = text.plist.xml; name = "GoogleService-Info.plist"; path = "../../../Downloads/GoogleService-Info.plist"; sourceTree = "<group>"; };
		7B37CCED2992622F00B201EC /* GPSPersistence.swift */ = {isa = PBXFileReference; lastKnownFileType = sourcecode.swift; path = GPSPersistence.swift; sourceTree = "<group>"; };
		7B8D87E329A5F29400FA3C43 /* SaveLocationView.swift */ = {isa = PBXFileReference; lastKnownFileType = sourcecode.swift; path = SaveLocationView.swift; sourceTree = "<group>"; };
		7B8D87E529A5F68400FA3C43 /* LocationPointsPlotView.swift */ = {isa = PBXFileReference; lastKnownFileType = sourcecode.swift; path = LocationPointsPlotView.swift; sourceTree = "<group>"; };
		7BA33E2B299237820089FAF3 /* PinetumMapping.app */ = {isa = PBXFileReference; explicitFileType = wrapper.application; includeInIndex = 0; path = PinetumMapping.app; sourceTree = BUILT_PRODUCTS_DIR; };
		7BA33E2E299237820089FAF3 /* PinetumMappingApp.swift */ = {isa = PBXFileReference; lastKnownFileType = sourcecode.swift; path = PinetumMappingApp.swift; sourceTree = "<group>"; };
		7BA33E30299237820089FAF3 /* MappingView.swift */ = {isa = PBXFileReference; lastKnownFileType = sourcecode.swift; path = MappingView.swift; sourceTree = "<group>"; };
		7BA33E32299237840089FAF3 /* Assets.xcassets */ = {isa = PBXFileReference; lastKnownFileType = folder.assetcatalog; path = Assets.xcassets; sourceTree = "<group>"; };
		7BA33E35299237840089FAF3 /* Preview Assets.xcassets */ = {isa = PBXFileReference; lastKnownFileType = folder.assetcatalog; path = "Preview Assets.xcassets"; sourceTree = "<group>"; };
		7BA33E37299237840089FAF3 /* Persistence.swift */ = {isa = PBXFileReference; lastKnownFileType = sourcecode.swift; path = Persistence.swift; sourceTree = "<group>"; };
		7BA33E3A299237840089FAF3 /* PinetumMapping.xcdatamodel */ = {isa = PBXFileReference; lastKnownFileType = wrapper.xcdatamodel; path = PinetumMapping.xcdatamodel; sourceTree = "<group>"; };
		7BA33E3C299237840089FAF3 /* Info.plist */ = {isa = PBXFileReference; lastKnownFileType = text.plist.xml; path = Info.plist; sourceTree = "<group>"; };
		7BA33E42299238F00089FAF3 /* LocationManager.swift */ = {isa = PBXFileReference; lastKnownFileType = sourcecode.swift; path = LocationManager.swift; sourceTree = "<group>"; };
		7BA33E442992396D0089FAF3 /* LocationsView.swift */ = {isa = PBXFileReference; lastKnownFileType = sourcecode.swift; path = LocationsView.swift; sourceTree = "<group>"; };
		7BA33E46299239960089FAF3 /* LocationVisitsView.swift */ = {isa = PBXFileReference; lastKnownFileType = sourcecode.swift; path = LocationVisitsView.swift; sourceTree = "<group>"; };
		7BCAAC7F299B70D700CB4B53 /* LocationRecords.swift */ = {isa = PBXFileReference; lastKnownFileType = sourcecode.swift; path = LocationRecords.swift; sourceTree = "<group>"; };
		7BCAAC81299B73CE00CB4B53 /* Util.swift */ = {isa = PBXFileReference; lastKnownFileType = sourcecode.swift; path = Util.swift; sourceTree = "<group>"; };
		7BEF6F1029A75E8800DCBC4E /* CameraService.swift */ = {isa = PBXFileReference; fileEncoding = 4; lastKnownFileType = sourcecode.swift; name = CameraService.swift; path = "../../../SwiftCamera-main/SwiftCamera/CameraService.swift"; sourceTree = "<group>"; };
		7BEF6F1129A75E8800DCBC4E /* CameraPreview.swift */ = {isa = PBXFileReference; fileEncoding = 4; lastKnownFileType = sourcecode.swift; name = CameraPreview.swift; path = "../../../SwiftCamera-main/SwiftCamera/CameraPreview.swift"; sourceTree = "<group>"; };
		7BEF6F1229A75E8800DCBC4E /* ImageResizer.swift */ = {isa = PBXFileReference; fileEncoding = 4; lastKnownFileType = sourcecode.swift; name = ImageResizer.swift; path = "../../../SwiftCamera-main/SwiftCamera/ImageResizer.swift"; sourceTree = "<group>"; };
		7BEF6F1329A75E8900DCBC4E /* ContentView.swift */ = {isa = PBXFileReference; fileEncoding = 4; lastKnownFileType = sourcecode.swift; name = ContentView.swift; path = "../../../SwiftCamera-main/SwiftCamera/ContentView.swift"; sourceTree = "<group>"; };
		7BEF6F1429A75E8900DCBC4E /* CameraService+Extensions.swift */ = {isa = PBXFileReference; fileEncoding = 4; lastKnownFileType = sourcecode.swift; name = "CameraService+Extensions.swift"; path = "../../../SwiftCamera-main/SwiftCamera/CameraService+Extensions.swift"; sourceTree = "<group>"; };
		7BEF6F1529A75E8900DCBC4E /* CameraService+Enums.swift */ = {isa = PBXFileReference; fileEncoding = 4; lastKnownFileType = sourcecode.swift; name = "CameraService+Enums.swift"; path = "../../../SwiftCamera-main/SwiftCamera/CameraService+Enums.swift"; sourceTree = "<group>"; };
		7BEF6F1C29A75E9B00DCBC4E /* PhotoCaptureProcessor.swift */ = {isa = PBXFileReference; fileEncoding = 4; lastKnownFileType = sourcecode.swift; name = PhotoCaptureProcessor.swift; path = "../../../SwiftCamera-main/SwiftCamera/PhotoCaptureProcessor.swift"; sourceTree = "<group>"; };
/* End PBXFileReference section */

/* Begin PBXFrameworksBuildPhase section */
		7BA33E28299237820089FAF3 /* Frameworks */ = {
			isa = PBXFrameworksBuildPhase;
			buildActionMask = 2147483647;
			files = (
				7B37CCCA299259D300B201EC /* FirebaseDatabase in Frameworks */,
				7B37CCD8299259D300B201EC /* FirebaseFunctionsCombine-Community in Frameworks */,
				7B37CCD0299259D300B201EC /* FirebaseFirestore in Frameworks */,
				7B37CCBC299259D300B201EC /* FirebaseAnalyticsSwift in Frameworks */,
				7B37CCB8299259D300B201EC /* FirebaseAnalytics in Frameworks */,
				7B37CCBA299259D300B201EC /* FirebaseAnalyticsOnDeviceConversion in Frameworks */,
				7B37CCE0299259D300B201EC /* FirebaseMLModelDownloader in Frameworks */,
				7B37CCD4299259D300B201EC /* FirebaseFirestoreSwift in Frameworks */,
				7B37CCC0299259D300B201EC /* FirebaseAppCheck in Frameworks */,
				7B37CCBE299259D300B201EC /* FirebaseAnalyticsWithoutAdIdSupport in Frameworks */,
				7B37CCC4299259D300B201EC /* FirebaseAuth in Frameworks */,
				7B37CCC8299259D300B201EC /* FirebaseCrashlytics in Frameworks */,
				7B37CCE8299259D300B201EC /* FirebaseRemoteConfigSwift in Frameworks */,
				7B37CCDA299259D300B201EC /* FirebaseInAppMessaging-Beta in Frameworks */,
				7B37CCCC299259D300B201EC /* FirebaseDatabaseSwift in Frameworks */,
				7B37CCD6299259D300B201EC /* FirebaseFunctions in Frameworks */,
				7B37CCEC299259D300B201EC /* FirebaseStorageCombine-Community in Frameworks */,
				7B37CCE6299259D300B201EC /* FirebaseRemoteConfig in Frameworks */,
				7B37CCC2299259D300B201EC /* FirebaseAppDistribution-Beta in Frameworks */,
				7B37CCC6299259D300B201EC /* FirebaseAuthCombine-Community in Frameworks */,
				7B37CCE4299259D300B201EC /* FirebasePerformance in Frameworks */,
				7B37CCDC299259D300B201EC /* FirebaseInAppMessagingSwift-Beta in Frameworks */,
				7B37CCEA299259D300B201EC /* FirebaseStorage in Frameworks */,
				7B37CCCE299259D300B201EC /* FirebaseDynamicLinks in Frameworks */,
				7B37CCD2299259D300B201EC /* FirebaseFirestoreCombine-Community in Frameworks */,
				7B37CCE2299259D300B201EC /* FirebaseMessaging in Frameworks */,
				7B37CCDE299259D300B201EC /* FirebaseInstallations in Frameworks */,
			);
			runOnlyForDeploymentPostprocessing = 0;
		};
/* End PBXFrameworksBuildPhase section */

/* Begin PBXGroup section */
		7B8D87E729A5FEDD00FA3C43 /* Camera */ = {
			isa = PBXGroup;
			children = (
				7BEF6F1129A75E8800DCBC4E /* CameraPreview.swift */,
				7BEF6F1029A75E8800DCBC4E /* CameraService.swift */,
				7BEF6F1529A75E8900DCBC4E /* CameraService+Enums.swift */,
				7BEF6F1429A75E8900DCBC4E /* CameraService+Extensions.swift */,
				7BEF6F1C29A75E9B00DCBC4E /* PhotoCaptureProcessor.swift */,
				7BEF6F1329A75E8900DCBC4E /* ContentView.swift */,
				7BEF6F1229A75E8800DCBC4E /* ImageResizer.swift */,
			);
			path = Camera;
			sourceTree = "<group>";
		};
		7BA33E22299237820089FAF3 = {
			isa = PBXGroup;
			children = (
				7BA33E2D299237820089FAF3 /* PinetumMapping */,
				7BA33E2C299237820089FAF3 /* Products */,
			);
			sourceTree = "<group>";
		};
		7BA33E2C299237820089FAF3 /* Products */ = {
			isa = PBXGroup;
			children = (
				7BA33E2B299237820089FAF3 /* PinetumMapping.app */,
			);
			name = Products;
			sourceTree = "<group>";
		};
		7BA33E2D299237820089FAF3 /* PinetumMapping */ = {
			isa = PBXGroup;
			children = (
				7BA33E32299237840089FAF3 /* Assets.xcassets */,
				7B8D87E729A5FEDD00FA3C43 /* Camera */,
				7B37CCB42992589500B201EC /* GoogleService-Info.plist */,
				7BA33E3C299237840089FAF3 /* Info.plist */,
				7BCAAC7D299B707600CB4B53 /* Model */,
				7BA33E37299237840089FAF3 /* Persistence.swift */,
				7B37CCB329924BB800B201EC /* PinetumMapping.entitlements */,
				7BA33E39299237840089FAF3 /* PinetumMapping.xcdatamodeld */,
				7BA33E2E299237820089FAF3 /* PinetumMappingApp.swift */,
				7BA33E34299237840089FAF3 /* Preview Content */,
				7BCAAC7E299B708E00CB4B53 /* Views */,
			);
			path = PinetumMapping;
			sourceTree = "<group>";
		};
		7BA33E34299237840089FAF3 /* Preview Content */ = {
			isa = PBXGroup;
			children = (
				7BA33E35299237840089FAF3 /* Preview Assets.xcassets */,
			);
			path = "Preview Content";
			sourceTree = "<group>";
		};
		7BCAAC7D299B707600CB4B53 /* Model */ = {
			isa = PBXGroup;
			children = (
				7B37CCED2992622F00B201EC /* GPSPersistence.swift */,
				7BA33E42299238F00089FAF3 /* LocationManager.swift */,
				7BCAAC7F299B70D700CB4B53 /* LocationRecords.swift */,
				7BCAAC81299B73CE00CB4B53 /* Util.swift */,
			);
			path = Model;
			sourceTree = "<group>";
		};
		7BCAAC7E299B708E00CB4B53 /* Views */ = {
			isa = PBXGroup;
			children = (
				7B8D87E529A5F68400FA3C43 /* LocationPointsPlotView.swift */,
				7BA33E442992396D0089FAF3 /* LocationsView.swift */,
				7BA33E46299239960089FAF3 /* LocationVisitsView.swift */,
				7BA33E30299237820089FAF3 /* MappingView.swift */,
				7B8D87E329A5F29400FA3C43 /* SaveLocationView.swift */,
			);
			path = Views;
			sourceTree = "<group>";
		};
/* End PBXGroup section */

/* Begin PBXNativeTarget section */
		7BA33E2A299237820089FAF3 /* PinetumMapping */ = {
			isa = PBXNativeTarget;
			buildConfigurationList = 7BA33E3F299237840089FAF3 /* Build configuration list for PBXNativeTarget "PinetumMapping" */;
			buildPhases = (
				7BA33E27299237820089FAF3 /* Sources */,
				7BA33E28299237820089FAF3 /* Frameworks */,
				7BA33E29299237820089FAF3 /* Resources */,
			);
			buildRules = (
			);
			dependencies = (
			);
			name = PinetumMapping;
			packageProductDependencies = (
				7B37CCB7299259D300B201EC /* FirebaseAnalytics */,
				7B37CCB9299259D300B201EC /* FirebaseAnalyticsOnDeviceConversion */,
				7B37CCBB299259D300B201EC /* FirebaseAnalyticsSwift */,
				7B37CCBD299259D300B201EC /* FirebaseAnalyticsWithoutAdIdSupport */,
				7B37CCBF299259D300B201EC /* FirebaseAppCheck */,
				7B37CCC1299259D300B201EC /* FirebaseAppDistribution-Beta */,
				7B37CCC3299259D300B201EC /* FirebaseAuth */,
				7B37CCC5299259D300B201EC /* FirebaseAuthCombine-Community */,
				7B37CCC7299259D300B201EC /* FirebaseCrashlytics */,
				7B37CCC9299259D300B201EC /* FirebaseDatabase */,
				7B37CCCB299259D300B201EC /* FirebaseDatabaseSwift */,
				7B37CCCD299259D300B201EC /* FirebaseDynamicLinks */,
				7B37CCCF299259D300B201EC /* FirebaseFirestore */,
				7B37CCD1299259D300B201EC /* FirebaseFirestoreCombine-Community */,
				7B37CCD3299259D300B201EC /* FirebaseFirestoreSwift */,
				7B37CCD5299259D300B201EC /* FirebaseFunctions */,
				7B37CCD7299259D300B201EC /* FirebaseFunctionsCombine-Community */,
				7B37CCD9299259D300B201EC /* FirebaseInAppMessaging-Beta */,
				7B37CCDB299259D300B201EC /* FirebaseInAppMessagingSwift-Beta */,
				7B37CCDD299259D300B201EC /* FirebaseInstallations */,
				7B37CCDF299259D300B201EC /* FirebaseMLModelDownloader */,
				7B37CCE1299259D300B201EC /* FirebaseMessaging */,
				7B37CCE3299259D300B201EC /* FirebasePerformance */,
				7B37CCE5299259D300B201EC /* FirebaseRemoteConfig */,
				7B37CCE7299259D300B201EC /* FirebaseRemoteConfigSwift */,
				7B37CCE9299259D300B201EC /* FirebaseStorage */,
				7B37CCEB299259D300B201EC /* FirebaseStorageCombine-Community */,
			);
			productName = PinetumMapping;
			productReference = 7BA33E2B299237820089FAF3 /* PinetumMapping.app */;
			productType = "com.apple.product-type.application";
		};
/* End PBXNativeTarget section */

/* Begin PBXProject section */
		7BA33E23299237820089FAF3 /* Project object */ = {
			isa = PBXProject;
			attributes = {
				BuildIndependentTargetsInParallel = 1;
				LastSwiftUpdateCheck = 1420;
				LastUpgradeCheck = 1420;
				TargetAttributes = {
					7BA33E2A299237820089FAF3 = {
						CreatedOnToolsVersion = 14.2;
					};
				};
			};
			buildConfigurationList = 7BA33E26299237820089FAF3 /* Build configuration list for PBXProject "PinetumMapping" */;
			compatibilityVersion = "Xcode 14.0";
			developmentRegion = en;
			hasScannedForEncodings = 0;
			knownRegions = (
				en,
				Base,
			);
			mainGroup = 7BA33E22299237820089FAF3;
			packageReferences = (
				7B37CCB6299259D300B201EC /* XCRemoteSwiftPackageReference "firebase-ios-sdk" */,
			);
			productRefGroup = 7BA33E2C299237820089FAF3 /* Products */;
			projectDirPath = "";
			projectRoot = "";
			targets = (
				7BA33E2A299237820089FAF3 /* PinetumMapping */,
			);
		};
/* End PBXProject section */

/* Begin PBXResourcesBuildPhase section */
		7BA33E29299237820089FAF3 /* Resources */ = {
			isa = PBXResourcesBuildPhase;
			buildActionMask = 2147483647;
			files = (
				7BA33E36299237840089FAF3 /* Preview Assets.xcassets in Resources */,
				7BA33E33299237840089FAF3 /* Assets.xcassets in Resources */,
				7B37CCB52992589500B201EC /* GoogleService-Info.plist in Resources */,
			);
			runOnlyForDeploymentPostprocessing = 0;
		};
/* End PBXResourcesBuildPhase section */

/* Begin PBXSourcesBuildPhase section */
		7BA33E27299237820089FAF3 /* Sources */ = {
			isa = PBXSourcesBuildPhase;
			buildActionMask = 2147483647;
			files = (
				7BEF6F1D29A75E9B00DCBC4E /* PhotoCaptureProcessor.swift in Sources */,
				7BCAAC80299B70D700CB4B53 /* LocationRecords.swift in Sources */,
				7B8D87E629A5F68400FA3C43 /* LocationPointsPlotView.swift in Sources */,
				7BEF6F1929A75E8900DCBC4E /* ContentView.swift in Sources */,
				7BA33E38299237840089FAF3 /* Persistence.swift in Sources */,
				7BEF6F1729A75E8900DCBC4E /* CameraPreview.swift in Sources */,
				7BA33E452992396D0089FAF3 /* LocationsView.swift in Sources */,
				7BA33E3B299237840089FAF3 /* PinetumMapping.xcdatamodeld in Sources */,
				7BA33E43299238F00089FAF3 /* LocationManager.swift in Sources */,
				7BEF6F1A29A75E8900DCBC4E /* CameraService+Extensions.swift in Sources */,
				7BEF6F1829A75E8900DCBC4E /* ImageResizer.swift in Sources */,
				7BEF6F1629A75E8900DCBC4E /* CameraService.swift in Sources */,
				7B8D87E429A5F29400FA3C43 /* SaveLocationView.swift in Sources */,
				7BA33E31299237820089FAF3 /* MappingView.swift in Sources */,
				7BA33E2F299237820089FAF3 /* PinetumMappingApp.swift in Sources */,
				7BCAAC82299B73CE00CB4B53 /* Util.swift in Sources */,
				7BA33E47299239960089FAF3 /* LocationVisitsView.swift in Sources */,
				7B37CCEE2992622F00B201EC /* GPSPersistence.swift in Sources */,
				7BEF6F1B29A75E8900DCBC4E /* CameraService+Enums.swift in Sources */,
			);
			runOnlyForDeploymentPostprocessing = 0;
		};
/* End PBXSourcesBuildPhase section */

/* Begin XCBuildConfiguration section */
		7BA33E3D299237840089FAF3 /* Debug */ = {
			isa = XCBuildConfiguration;
			buildSettings = {
				ALWAYS_SEARCH_USER_PATHS = NO;
				CLANG_ANALYZER_NONNULL = YES;
				CLANG_ANALYZER_NUMBER_OBJECT_CONVERSION = YES_AGGRESSIVE;
				CLANG_CXX_LANGUAGE_STANDARD = "gnu++20";
				CLANG_ENABLE_MODULES = YES;
				CLANG_ENABLE_OBJC_ARC = YES;
				CLANG_ENABLE_OBJC_WEAK = YES;
				CLANG_WARN_BLOCK_CAPTURE_AUTORELEASING = YES;
				CLANG_WARN_BOOL_CONVERSION = YES;
				CLANG_WARN_COMMA = YES;
				CLANG_WARN_CONSTANT_CONVERSION = YES;
				CLANG_WARN_DEPRECATED_OBJC_IMPLEMENTATIONS = YES;
				CLANG_WARN_DIRECT_OBJC_ISA_USAGE = YES_ERROR;
				CLANG_WARN_DOCUMENTATION_COMMENTS = YES;
				CLANG_WARN_EMPTY_BODY = YES;
				CLANG_WARN_ENUM_CONVERSION = YES;
				CLANG_WARN_INFINITE_RECURSION = YES;
				CLANG_WARN_INT_CONVERSION = YES;
				CLANG_WARN_NON_LITERAL_NULL_CONVERSION = YES;
				CLANG_WARN_OBJC_IMPLICIT_RETAIN_SELF = YES;
				CLANG_WARN_OBJC_LITERAL_CONVERSION = YES;
				CLANG_WARN_OBJC_ROOT_CLASS = YES_ERROR;
				CLANG_WARN_QUOTED_INCLUDE_IN_FRAMEWORK_HEADER = YES;
				CLANG_WARN_RANGE_LOOP_ANALYSIS = YES;
				CLANG_WARN_STRICT_PROTOTYPES = YES;
				CLANG_WARN_SUSPICIOUS_MOVE = YES;
				CLANG_WARN_UNGUARDED_AVAILABILITY = YES_AGGRESSIVE;
				CLANG_WARN_UNREACHABLE_CODE = YES;
				CLANG_WARN__DUPLICATE_METHOD_MATCH = YES;
				COPY_PHASE_STRIP = NO;
				DEBUG_INFORMATION_FORMAT = dwarf;
				ENABLE_STRICT_OBJC_MSGSEND = YES;
				ENABLE_TESTABILITY = YES;
				GCC_C_LANGUAGE_STANDARD = gnu11;
				GCC_DYNAMIC_NO_PIC = NO;
				GCC_NO_COMMON_BLOCKS = YES;
				GCC_OPTIMIZATION_LEVEL = 0;
				GCC_PREPROCESSOR_DEFINITIONS = (
					"DEBUG=1",
					"$(inherited)",
				);
				GCC_WARN_64_TO_32_BIT_CONVERSION = YES;
				GCC_WARN_ABOUT_RETURN_TYPE = YES_ERROR;
				GCC_WARN_UNDECLARED_SELECTOR = YES;
				GCC_WARN_UNINITIALIZED_AUTOS = YES_AGGRESSIVE;
				GCC_WARN_UNUSED_FUNCTION = YES;
				GCC_WARN_UNUSED_VARIABLE = YES;
				IPHONEOS_DEPLOYMENT_TARGET = 16.2;
				MTL_ENABLE_DEBUG_INFO = INCLUDE_SOURCE;
				MTL_FAST_MATH = YES;
				ONLY_ACTIVE_ARCH = YES;
				SDKROOT = iphoneos;
				SWIFT_ACTIVE_COMPILATION_CONDITIONS = DEBUG;
				SWIFT_OPTIMIZATION_LEVEL = "-Onone";
			};
			name = Debug;
		};
		7BA33E3E299237840089FAF3 /* Release */ = {
			isa = XCBuildConfiguration;
			buildSettings = {
				ALWAYS_SEARCH_USER_PATHS = NO;
				CLANG_ANALYZER_NONNULL = YES;
				CLANG_ANALYZER_NUMBER_OBJECT_CONVERSION = YES_AGGRESSIVE;
				CLANG_CXX_LANGUAGE_STANDARD = "gnu++20";
				CLANG_ENABLE_MODULES = YES;
				CLANG_ENABLE_OBJC_ARC = YES;
				CLANG_ENABLE_OBJC_WEAK = YES;
				CLANG_WARN_BLOCK_CAPTURE_AUTORELEASING = YES;
				CLANG_WARN_BOOL_CONVERSION = YES;
				CLANG_WARN_COMMA = YES;
				CLANG_WARN_CONSTANT_CONVERSION = YES;
				CLANG_WARN_DEPRECATED_OBJC_IMPLEMENTATIONS = YES;
				CLANG_WARN_DIRECT_OBJC_ISA_USAGE = YES_ERROR;
				CLANG_WARN_DOCUMENTATION_COMMENTS = YES;
				CLANG_WARN_EMPTY_BODY = YES;
				CLANG_WARN_ENUM_CONVERSION = YES;
				CLANG_WARN_INFINITE_RECURSION = YES;
				CLANG_WARN_INT_CONVERSION = YES;
				CLANG_WARN_NON_LITERAL_NULL_CONVERSION = YES;
				CLANG_WARN_OBJC_IMPLICIT_RETAIN_SELF = YES;
				CLANG_WARN_OBJC_LITERAL_CONVERSION = YES;
				CLANG_WARN_OBJC_ROOT_CLASS = YES_ERROR;
				CLANG_WARN_QUOTED_INCLUDE_IN_FRAMEWORK_HEADER = YES;
				CLANG_WARN_RANGE_LOOP_ANALYSIS = YES;
				CLANG_WARN_STRICT_PROTOTYPES = YES;
				CLANG_WARN_SUSPICIOUS_MOVE = YES;
				CLANG_WARN_UNGUARDED_AVAILABILITY = YES_AGGRESSIVE;
				CLANG_WARN_UNREACHABLE_CODE = YES;
				CLANG_WARN__DUPLICATE_METHOD_MATCH = YES;
				COPY_PHASE_STRIP = NO;
				DEBUG_INFORMATION_FORMAT = "dwarf-with-dsym";
				ENABLE_NS_ASSERTIONS = NO;
				ENABLE_STRICT_OBJC_MSGSEND = YES;
				GCC_C_LANGUAGE_STANDARD = gnu11;
				GCC_NO_COMMON_BLOCKS = YES;
				GCC_WARN_64_TO_32_BIT_CONVERSION = YES;
				GCC_WARN_ABOUT_RETURN_TYPE = YES_ERROR;
				GCC_WARN_UNDECLARED_SELECTOR = YES;
				GCC_WARN_UNINITIALIZED_AUTOS = YES_AGGRESSIVE;
				GCC_WARN_UNUSED_FUNCTION = YES;
				GCC_WARN_UNUSED_VARIABLE = YES;
				IPHONEOS_DEPLOYMENT_TARGET = 16.2;
				MTL_ENABLE_DEBUG_INFO = NO;
				MTL_FAST_MATH = YES;
				SDKROOT = iphoneos;
				SWIFT_COMPILATION_MODE = wholemodule;
				SWIFT_OPTIMIZATION_LEVEL = "-O";
				VALIDATE_PRODUCT = YES;
			};
			name = Release;
		};
		7BA33E40299237840089FAF3 /* Debug */ = {
			isa = XCBuildConfiguration;
			buildSettings = {
				ASSETCATALOG_COMPILER_APPICON_NAME = AppIcon;
				ASSETCATALOG_COMPILER_GLOBAL_ACCENT_COLOR_NAME = AccentColor;
				ASSETCATALOG_COMPILER_INCLUDE_ALL_APPICON_ASSETS = YES;
				CODE_SIGN_ENTITLEMENTS = PinetumMapping/PinetumMapping.entitlements;
				CODE_SIGN_STYLE = Automatic;
				CURRENT_PROJECT_VERSION = 1;
				DEBUG_INFORMATION_FORMAT = "dwarf-with-dsym";
				DEVELOPMENT_ASSET_PATHS = "\"PinetumMapping/Preview Content\"";
				DEVELOPMENT_TEAM = 2B6A6N9QBQ;
				ENABLE_PREVIEWS = YES;
				GENERATE_INFOPLIST_FILE = YES;
				INFOPLIST_KEY_NSCameraUsageDescription = "Pinetum app needs access to your camera to capture Pinetum photos";
				INFOPLIST_KEY_NSPhotoLibraryUsageDescription = "Pinetum app needs access to your camera to capture Pinetum photos";
				INFOPLIST_KEY_UIApplicationSceneManifest_Generation = YES;
				INFOPLIST_KEY_UIApplicationSupportsIndirectInputEvents = YES;
				INFOPLIST_KEY_UILaunchScreen_Generation = YES;
				INFOPLIST_KEY_UISupportedInterfaceOrientations_iPhone = "UIInterfaceOrientationPortrait UIInterfaceOrientationLandscapeLeft UIInterfaceOrientationLandscapeRight";
				IPHONEOS_DEPLOYMENT_TARGET = 16.1;
				LD_RUNPATH_SEARCH_PATHS = (
					"$(inherited)",
					"@executable_path/Frameworks",
				);
				MARKETING_VERSION = 1.0;
				PRODUCT_BUNDLE_IDENTIFIER = com.dmurphy.westernwheelers.PinetumMapping;
				PRODUCT_NAME = "$(TARGET_NAME)";
				SWIFT_EMIT_LOC_STRINGS = YES;
				SWIFT_VERSION = 5.0;
				TARGETED_DEVICE_FAMILY = "1,2";
			};
			name = Debug;
		};
		7BA33E41299237840089FAF3 /* Release */ = {
			isa = XCBuildConfiguration;
			buildSettings = {
				ASSETCATALOG_COMPILER_APPICON_NAME = AppIcon;
				ASSETCATALOG_COMPILER_GLOBAL_ACCENT_COLOR_NAME = AccentColor;
				ASSETCATALOG_COMPILER_INCLUDE_ALL_APPICON_ASSETS = YES;
				CODE_SIGN_ENTITLEMENTS = PinetumMapping/PinetumMapping.entitlements;
				CODE_SIGN_STYLE = Automatic;
				CURRENT_PROJECT_VERSION = 1;
				DEVELOPMENT_ASSET_PATHS = "\"PinetumMapping/Preview Content\"";
				DEVELOPMENT_TEAM = 2B6A6N9QBQ;
				ENABLE_PREVIEWS = YES;
				GENERATE_INFOPLIST_FILE = YES;
				INFOPLIST_KEY_NSCameraUsageDescription = "Pinetum app needs access to your camera to capture Pinetum photos";
				INFOPLIST_KEY_NSPhotoLibraryUsageDescription = "Pinetum app needs access to your camera to capture Pinetum photos";
				INFOPLIST_KEY_UIApplicationSceneManifest_Generation = YES;
				INFOPLIST_KEY_UIApplicationSupportsIndirectInputEvents = YES;
				INFOPLIST_KEY_UILaunchScreen_Generation = YES;
				INFOPLIST_KEY_UISupportedInterfaceOrientations_iPhone = "UIInterfaceOrientationPortrait UIInterfaceOrientationLandscapeLeft UIInterfaceOrientationLandscapeRight";
				IPHONEOS_DEPLOYMENT_TARGET = 16.1;
				LD_RUNPATH_SEARCH_PATHS = (
					"$(inherited)",
					"@executable_path/Frameworks",
				);
				MARKETING_VERSION = 1.0;
				PRODUCT_BUNDLE_IDENTIFIER = com.dmurphy.westernwheelers.PinetumMapping;
				PRODUCT_NAME = "$(TARGET_NAME)";
				SWIFT_EMIT_LOC_STRINGS = YES;
				SWIFT_VERSION = 5.0;
				TARGETED_DEVICE_FAMILY = "1,2";
			};
			name = Release;
		};
/* End XCBuildConfiguration section */

/* Begin XCConfigurationList section */
		7BA33E26299237820089FAF3 /* Build configuration list for PBXProject "PinetumMapping" */ = {
			isa = XCConfigurationList;
			buildConfigurations = (
				7BA33E3D299237840089FAF3 /* Debug */,
				7BA33E3E299237840089FAF3 /* Release */,
			);
			defaultConfigurationIsVisible = 0;
			defaultConfigurationName = Release;
		};
		7BA33E3F299237840089FAF3 /* Build configuration list for PBXNativeTarget "PinetumMapping" */ = {
			isa = XCConfigurationList;
			buildConfigurations = (
				7BA33E40299237840089FAF3 /* Debug */,
				7BA33E41299237840089FAF3 /* Release */,
			);
			defaultConfigurationIsVisible = 0;
			defaultConfigurationName = Release;
		};
/* End XCConfigurationList section */

/* Begin XCRemoteSwiftPackageReference section */
		7B37CCB6299259D300B201EC /* XCRemoteSwiftPackageReference "firebase-ios-sdk" */ = {
			isa = XCRemoteSwiftPackageReference;
			repositoryURL = "https://github.com/firebase/firebase-ios-sdk";
			requirement = {
				branch = master;
				kind = branch;
			};
		};
/* End XCRemoteSwiftPackageReference section */

/* Begin XCSwiftPackageProductDependency section */
		7B37CCB7299259D300B201EC /* FirebaseAnalytics */ = {
			isa = XCSwiftPackageProductDependency;
			package = 7B37CCB6299259D300B201EC /* XCRemoteSwiftPackageReference "firebase-ios-sdk" */;
			productName = FirebaseAnalytics;
		};
		7B37CCB9299259D300B201EC /* FirebaseAnalyticsOnDeviceConversion */ = {
			isa = XCSwiftPackageProductDependency;
			package = 7B37CCB6299259D300B201EC /* XCRemoteSwiftPackageReference "firebase-ios-sdk" */;
			productName = FirebaseAnalyticsOnDeviceConversion;
		};
		7B37CCBB299259D300B201EC /* FirebaseAnalyticsSwift */ = {
			isa = XCSwiftPackageProductDependency;
			package = 7B37CCB6299259D300B201EC /* XCRemoteSwiftPackageReference "firebase-ios-sdk" */;
			productName = FirebaseAnalyticsSwift;
		};
		7B37CCBD299259D300B201EC /* FirebaseAnalyticsWithoutAdIdSupport */ = {
			isa = XCSwiftPackageProductDependency;
			package = 7B37CCB6299259D300B201EC /* XCRemoteSwiftPackageReference "firebase-ios-sdk" */;
			productName = FirebaseAnalyticsWithoutAdIdSupport;
		};
		7B37CCBF299259D300B201EC /* FirebaseAppCheck */ = {
			isa = XCSwiftPackageProductDependency;
			package = 7B37CCB6299259D300B201EC /* XCRemoteSwiftPackageReference "firebase-ios-sdk" */;
			productName = FirebaseAppCheck;
		};
		7B37CCC1299259D300B201EC /* FirebaseAppDistribution-Beta */ = {
			isa = XCSwiftPackageProductDependency;
			package = 7B37CCB6299259D300B201EC /* XCRemoteSwiftPackageReference "firebase-ios-sdk" */;
			productName = "FirebaseAppDistribution-Beta";
		};
		7B37CCC3299259D300B201EC /* FirebaseAuth */ = {
			isa = XCSwiftPackageProductDependency;
			package = 7B37CCB6299259D300B201EC /* XCRemoteSwiftPackageReference "firebase-ios-sdk" */;
			productName = FirebaseAuth;
		};
		7B37CCC5299259D300B201EC /* FirebaseAuthCombine-Community */ = {
			isa = XCSwiftPackageProductDependency;
			package = 7B37CCB6299259D300B201EC /* XCRemoteSwiftPackageReference "firebase-ios-sdk" */;
			productName = "FirebaseAuthCombine-Community";
		};
		7B37CCC7299259D300B201EC /* FirebaseCrashlytics */ = {
			isa = XCSwiftPackageProductDependency;
			package = 7B37CCB6299259D300B201EC /* XCRemoteSwiftPackageReference "firebase-ios-sdk" */;
			productName = FirebaseCrashlytics;
		};
		7B37CCC9299259D300B201EC /* FirebaseDatabase */ = {
			isa = XCSwiftPackageProductDependency;
			package = 7B37CCB6299259D300B201EC /* XCRemoteSwiftPackageReference "firebase-ios-sdk" */;
			productName = FirebaseDatabase;
		};
		7B37CCCB299259D300B201EC /* FirebaseDatabaseSwift */ = {
			isa = XCSwiftPackageProductDependency;
			package = 7B37CCB6299259D300B201EC /* XCRemoteSwiftPackageReference "firebase-ios-sdk" */;
			productName = FirebaseDatabaseSwift;
		};
		7B37CCCD299259D300B201EC /* FirebaseDynamicLinks */ = {
			isa = XCSwiftPackageProductDependency;
			package = 7B37CCB6299259D300B201EC /* XCRemoteSwiftPackageReference "firebase-ios-sdk" */;
			productName = FirebaseDynamicLinks;
		};
		7B37CCCF299259D300B201EC /* FirebaseFirestore */ = {
			isa = XCSwiftPackageProductDependency;
			package = 7B37CCB6299259D300B201EC /* XCRemoteSwiftPackageReference "firebase-ios-sdk" */;
			productName = FirebaseFirestore;
		};
		7B37CCD1299259D300B201EC /* FirebaseFirestoreCombine-Community */ = {
			isa = XCSwiftPackageProductDependency;
			package = 7B37CCB6299259D300B201EC /* XCRemoteSwiftPackageReference "firebase-ios-sdk" */;
			productName = "FirebaseFirestoreCombine-Community";
		};
		7B37CCD3299259D300B201EC /* FirebaseFirestoreSwift */ = {
			isa = XCSwiftPackageProductDependency;
			package = 7B37CCB6299259D300B201EC /* XCRemoteSwiftPackageReference "firebase-ios-sdk" */;
			productName = FirebaseFirestoreSwift;
		};
		7B37CCD5299259D300B201EC /* FirebaseFunctions */ = {
			isa = XCSwiftPackageProductDependency;
			package = 7B37CCB6299259D300B201EC /* XCRemoteSwiftPackageReference "firebase-ios-sdk" */;
			productName = FirebaseFunctions;
		};
		7B37CCD7299259D300B201EC /* FirebaseFunctionsCombine-Community */ = {
			isa = XCSwiftPackageProductDependency;
			package = 7B37CCB6299259D300B201EC /* XCRemoteSwiftPackageReference "firebase-ios-sdk" */;
			productName = "FirebaseFunctionsCombine-Community";
		};
		7B37CCD9299259D300B201EC /* FirebaseInAppMessaging-Beta */ = {
			isa = XCSwiftPackageProductDependency;
			package = 7B37CCB6299259D300B201EC /* XCRemoteSwiftPackageReference "firebase-ios-sdk" */;
			productName = "FirebaseInAppMessaging-Beta";
		};
		7B37CCDB299259D300B201EC /* FirebaseInAppMessagingSwift-Beta */ = {
			isa = XCSwiftPackageProductDependency;
			package = 7B37CCB6299259D300B201EC /* XCRemoteSwiftPackageReference "firebase-ios-sdk" */;
			productName = "FirebaseInAppMessagingSwift-Beta";
		};
		7B37CCDD299259D300B201EC /* FirebaseInstallations */ = {
			isa = XCSwiftPackageProductDependency;
			package = 7B37CCB6299259D300B201EC /* XCRemoteSwiftPackageReference "firebase-ios-sdk" */;
			productName = FirebaseInstallations;
		};
		7B37CCDF299259D300B201EC /* FirebaseMLModelDownloader */ = {
			isa = XCSwiftPackageProductDependency;
			package = 7B37CCB6299259D300B201EC /* XCRemoteSwiftPackageReference "firebase-ios-sdk" */;
			productName = FirebaseMLModelDownloader;
		};
		7B37CCE1299259D300B201EC /* FirebaseMessaging */ = {
			isa = XCSwiftPackageProductDependency;
			package = 7B37CCB6299259D300B201EC /* XCRemoteSwiftPackageReference "firebase-ios-sdk" */;
			productName = FirebaseMessaging;
		};
		7B37CCE3299259D300B201EC /* FirebasePerformance */ = {
			isa = XCSwiftPackageProductDependency;
			package = 7B37CCB6299259D300B201EC /* XCRemoteSwiftPackageReference "firebase-ios-sdk" */;
			productName = FirebasePerformance;
		};
		7B37CCE5299259D300B201EC /* FirebaseRemoteConfig */ = {
			isa = XCSwiftPackageProductDependency;
			package = 7B37CCB6299259D300B201EC /* XCRemoteSwiftPackageReference "firebase-ios-sdk" */;
			productName = FirebaseRemoteConfig;
		};
		7B37CCE7299259D300B201EC /* FirebaseRemoteConfigSwift */ = {
			isa = XCSwiftPackageProductDependency;
			package = 7B37CCB6299259D300B201EC /* XCRemoteSwiftPackageReference "firebase-ios-sdk" */;
			productName = FirebaseRemoteConfigSwift;
		};
		7B37CCE9299259D300B201EC /* FirebaseStorage */ = {
			isa = XCSwiftPackageProductDependency;
			package = 7B37CCB6299259D300B201EC /* XCRemoteSwiftPackageReference "firebase-ios-sdk" */;
			productName = FirebaseStorage;
		};
		7B37CCEB299259D300B201EC /* FirebaseStorageCombine-Community */ = {
			isa = XCSwiftPackageProductDependency;
			package = 7B37CCB6299259D300B201EC /* XCRemoteSwiftPackageReference "firebase-ios-sdk" */;
			productName = "FirebaseStorageCombine-Community";
		};
/* End XCSwiftPackageProductDependency section */

/* Begin XCVersionGroup section */
		7BA33E39299237840089FAF3 /* PinetumMapping.xcdatamodeld */ = {
			isa = XCVersionGroup;
			children = (
				7BA33E3A299237840089FAF3 /* PinetumMapping.xcdatamodel */,
			);
			currentVersion = 7BA33E3A299237840089FAF3 /* PinetumMapping.xcdatamodel */;
			path = PinetumMapping.xcdatamodeld;
			sourceTree = "<group>";
			versionGroupType = wrapper.xcdatamodel;
		};
/* End XCVersionGroup section */
	};
	rootObject = 7BA33E23299237820089FAF3 /* Project object */;
}
